
Microsoft Visual Studio Solution File, Format Version 11.00
# Visual Studio 2010
Project("{FAE04EC0-301F-11D3-BF4B-00C04F79EFBC}") = "Assembly-CSharp", "Assembly-CSharp.csproj", "{5d1eceb3-f63b-a263-c9c5-20ff57cbc0f3}"
EndProject
Project("{FAE04EC0-301F-11D3-BF4B-00C04F79EFBC}") = "PhotonChat", "PhotonChat.csproj", "{12a13106-905b-6519-cc57-1d7010bb8fe3}"
EndProject
Project("{FAE04EC0-301F-11D3-BF4B-00C04F79EFBC}") = "PhotonRealtime", "PhotonRealtime.csproj", "{571814a9-0c1e-6555-bce2-277e421f6f29}"
EndProject
Project("{FAE04EC0-301F-11D3-BF4B-00C04F79EFBC}") = "PhotonUnityNetworking.Editor", "PhotonUnityNetworking.Editor.csproj", "{00d12acf-0143-1e6e-7692-f8bbfe7628df}"
EndProject
Project("{FAE04EC0-301F-11D3-BF4B-00C04F79EFBC}") = "PhotonUnityNetworking", "PhotonUnityNetworking.csproj", "{4b0ce520-7a9e-6068-9262-e921f7e976b0}"
EndProject
Project("{FAE04EC0-301F-11D3-BF4B-00C04F79EFBC}") = "PhotonUnityNetworking.Utilities.PhotonPlayer.Editor", "PhotonUnityNetworking.Utilities.PhotonPlayer.Editor.csproj", "{f5e26771-0af3-78d2-bf08-ffee2072ba22}"
EndProject
Project("{FAE04EC0-301F-11D3-BF4B-00C04F79EFBC}") = "PhotonUnityNetworking.Utilities", "PhotonUnityNetworking.Utilities.csproj", "{12026f22-d040-3d25-f4b2-9fc7e15bc4c3}"
EndProject
Project("{FAE04EC0-301F-11D3-BF4B-00C04F79EFBC}") = "PhotonUnityNetworking.Utilities.Culling.Editor", "PhotonUnityNetworking.Utilities.Culling.Editor.csproj", "{b0d7c3c0-7524-ef49-ff72-9cdf0b5a46aa}"
EndProject
Project("{FAE04EC0-301F-11D3-BF4B-00C04F79EFBC}") = "PhotonWebSocket", "PhotonWebSocket.csproj", "{23af709f-46b2-099e-0c0d-f812910b75fd}"
EndProject
Global
	GlobalSection(SolutionConfigurationPlatforms) = preSolution
		Debug|Any CPU = Debug|Any CPU
	EndGlobalSection
	GlobalSection(ProjectConfigurationPlatforms) = postSolution
		{5d1eceb3-f63b-a263-c9c5-20ff57cbc0f3}.Debug|Any CPU.ActiveCfg = Debug|Any CPU
		{5d1eceb3-f63b-a263-c9c5-20ff57cbc0f3}.Debug|Any CPU.Build.0 = Debug|Any CPU
		{12a13106-905b-6519-cc57-1d7010bb8fe3}.Debug|Any CPU.ActiveCfg = Debug|Any CPU
		{12a13106-905b-6519-cc57-1d7010bb8fe3}.Debug|Any CPU.Build.0 = Debug|Any CPU
		{571814a9-0c1e-6555-bce2-277e421f6f29}.Debug|Any CPU.ActiveCfg = Debug|Any CPU
		{571814a9-0c1e-6555-bce2-277e421f6f29}.Debug|Any CPU.Build.0 = Debug|Any CPU
		{00d12acf-0143-1e6e-7692-f8bbfe7628df}.Debug|Any CPU.ActiveCfg = Debug|Any CPU
		{00d12acf-0143-1e6e-7692-f8bbfe7628df}.Debug|Any CPU.Build.0 = Debug|Any CPU
		{4b0ce520-7a9e-6068-9262-e921f7e976b0}.Debug|Any CPU.ActiveCfg = Debug|Any CPU
		{4b0ce520-7a9e-6068-9262-e921f7e976b0}.Debug|Any CPU.Build.0 = Debug|Any CPU
		{f5e26771-0af3-78d2-bf08-ffee2072ba22}.Debug|Any CPU.ActiveCfg = Debug|Any CPU
		{f5e26771-0af3-78d2-bf08-ffee2072ba22}.Debug|Any CPU.Build.0 = Debug|Any CPU
		{12026f22-d040-3d25-f4b2-9fc7e15bc4c3}.Debug|Any CPU.ActiveCfg = Debug|Any CPU
		{12026f22-d040-3d25-f4b2-9fc7e15bc4c3}.Debug|Any CPU.Build.0 = Debug|Any CPU
		{b0d7c3c0-7524-ef49-ff72-9cdf0b5a46aa}.Debug|Any CPU.ActiveCfg = Debug|Any CPU
		{b0d7c3c0-7524-ef49-ff72-9cdf0b5a46aa}.Debug|Any CPU.Build.0 = Debug|Any CPU
		{23af709f-46b2-099e-0c0d-f812910b75fd}.Debug|Any CPU.ActiveCfg = Debug|Any CPU
		{23af709f-46b2-099e-0c0d-f812910b75fd}.Debug|Any CPU.Build.0 = Debug|Any CPU
	EndGlobalSection
	GlobalSection(SolutionProperties) = preSolution
		HideSolutionNode = FALSE
	EndGlobalSection
EndGlobal
